
Microsoft Visual Studio Solution File, Format Version 12.00
# Visual Studio Version 17
VisualStudioVersion = 17.7.34031.279
MinimumVisualStudioVersion = 10.0.40219.1
Project("{FAE04EC0-301F-11D3-BF4B-00C04F79EFBC}") = "Gateway Management", "Gateway Management\Gateway Management.csproj", "{AFCE5615-8845-4719-A222-BC89A8006F96}"
EndProject
Project("{FAE04EC0-301F-11D3-BF4B-00C04F79EFBC}") = "Gateway Management.Data", "Gateway Management.Data\Gateway Management.Data.csproj", "{57C4B490-E566-4D09-9F3C-6AAD92D081F1}"
EndProject
Project("{FAE04EC0-301F-11D3-BF4B-00C04F79EFBC}") = "Gateway Management.core", "Gateway Management.core\Gateway Management.core.csproj", "{32A0992E-7C4B-4B5B-B990-2153EE5AF6E0}"
EndProject
Global
	GlobalSection(SolutionConfigurationPlatforms) = preSolution
		Debug|Any CPU = Debug|Any CPU
		Release|Any CPU = Release|Any CPU
	EndGlobalSection
	GlobalSection(ProjectConfigurationPlatforms) = postSolution
		{AFCE5615-8845-4719-A222-BC89A8006F96}.Debug|Any CPU.ActiveCfg = Debug|Any CPU
		{AFCE5615-8845-4719-A222-BC89A8006F96}.Debug|Any CPU.Build.0 = Debug|Any CPU
		{AFCE5615-8845-4719-A222-BC89A8006F96}.Release|Any CPU.ActiveCfg = Release|Any CPU
		{AFCE5615-8845-4719-A222-BC89A8006F96}.Release|Any CPU.Build.0 = Release|Any CPU
		{57C4B490-E566-4D09-9F3C-6AAD92D081F1}.Debug|Any CPU.ActiveCfg = Debug|Any CPU
		{57C4B490-E566-4D09-9F3C-6AAD92D081F1}.Debug|Any CPU.Build.0 = Debug|Any CPU
		{57C4B490-E566-4D09-9F3C-6AAD92D081F1}.Release|Any CPU.ActiveCfg = Release|Any CPU
		{57C4B490-E566-4D09-9F3C-6AAD92D081F1}.Release|Any CPU.Build.0 = Release|Any CPU
		{32A0992E-7C4B-4B5B-B990-2153EE5AF6E0}.Debug|Any CPU.ActiveCfg = Debug|Any CPU
		{32A0992E-7C4B-4B5B-B990-2153EE5AF6E0}.Debug|Any CPU.Build.0 = Debug|Any CPU
		{32A0992E-7C4B-4B5B-B990-2153EE5AF6E0}.Release|Any CPU.ActiveCfg = Release|Any CPU
		{32A0992E-7C4B-4B5B-B990-2153EE5AF6E0}.Release|Any CPU.Build.0 = Release|Any CPU
	EndGlobalSection
	GlobalSection(SolutionProperties) = preSolution
		HideSolutionNode = FALSE
	EndGlobalSection
	GlobalSection(ExtensibilityGlobals) = postSolution
		SolutionGuid = {21851539-3E3D-43AE-8693-48BD22965031}
	EndGlobalSection
EndGlobal
